
Microsoft Visual Studio Solution File, Format Version 12.00
# Visual Studio Version 16
VisualStudioVersion = 16.0.30114.105
MinimumVisualStudioVersion = 10.0.40219.1
Project("{FAE04EC0-301F-11D3-BF4B-00C04F79EFBC}") = "MerchanCountriesAngular.Core", "MerchanCountriesAngular.Core\MerchanCountriesAngular.Core.csproj", "{5AB16B00-CADE-4821-B6A5-84DF1C3932A8}"
EndProject
Project("{FAE04EC0-301F-11D3-BF4B-00C04F79EFBC}") = "MerchanCountriesAngular.Domain", "MerchanCountriesAngular.Domain\MerchanCountriesAngular.Domain.csproj", "{7CCEE485-30D4-450D-845D-CBBF435E9C6F}"
EndProject
Project("{FAE04EC0-301F-11D3-BF4B-00C04F79EFBC}") = "MerchanCountriesAngular", "MerchanCountriesAngular\MerchanCountriesAngular.csproj", "{A7F6FEC4-5F13-40D3-8F04-408856CD6A5C}"
EndProject
Project("{FAE04EC0-301F-11D3-BF4B-00C04F79EFBC}") = "MerchanCountriesAngular.Data", "MerchanCountriesAngular.Data\MerchanCountriesAngular.Data.csproj", "{91366F55-1CF2-4C5B-95CD-05FC52EE51C1}"
EndProject
Global
	GlobalSection(SolutionConfigurationPlatforms) = preSolution
		Debug|Any CPU = Debug|Any CPU
		Release|Any CPU = Release|Any CPU
	EndGlobalSection
	GlobalSection(SolutionProperties) = preSolution
		HideSolutionNode = FALSE
	EndGlobalSection
	GlobalSection(ProjectConfigurationPlatforms) = postSolution
		{5AB16B00-CADE-4821-B6A5-84DF1C3932A8}.Debug|Any CPU.ActiveCfg = Debug|Any CPU
		{5AB16B00-CADE-4821-B6A5-84DF1C3932A8}.Debug|Any CPU.Build.0 = Debug|Any CPU
		{5AB16B00-CADE-4821-B6A5-84DF1C3932A8}.Release|Any CPU.ActiveCfg = Release|Any CPU
		{5AB16B00-CADE-4821-B6A5-84DF1C3932A8}.Release|Any CPU.Build.0 = Release|Any CPU
		{7CCEE485-30D4-450D-845D-CBBF435E9C6F}.Debug|Any CPU.ActiveCfg = Debug|Any CPU
		{7CCEE485-30D4-450D-845D-CBBF435E9C6F}.Debug|Any CPU.Build.0 = Debug|Any CPU
		{7CCEE485-30D4-450D-845D-CBBF435E9C6F}.Release|Any CPU.ActiveCfg = Release|Any CPU
		{7CCEE485-30D4-450D-845D-CBBF435E9C6F}.Release|Any CPU.Build.0 = Release|Any CPU
		{A7F6FEC4-5F13-40D3-8F04-408856CD6A5C}.Debug|Any CPU.ActiveCfg = Debug|Any CPU
		{A7F6FEC4-5F13-40D3-8F04-408856CD6A5C}.Debug|Any CPU.Build.0 = Debug|Any CPU
		{A7F6FEC4-5F13-40D3-8F04-408856CD6A5C}.Release|Any CPU.ActiveCfg = Release|Any CPU
		{A7F6FEC4-5F13-40D3-8F04-408856CD6A5C}.Release|Any CPU.Build.0 = Release|Any CPU
		{91366F55-1CF2-4C5B-95CD-05FC52EE51C1}.Debug|Any CPU.ActiveCfg = Debug|Any CPU
		{91366F55-1CF2-4C5B-95CD-05FC52EE51C1}.Debug|Any CPU.Build.0 = Debug|Any CPU
		{91366F55-1CF2-4C5B-95CD-05FC52EE51C1}.Release|Any CPU.ActiveCfg = Release|Any CPU
		{91366F55-1CF2-4C5B-95CD-05FC52EE51C1}.Release|Any CPU.Build.0 = Release|Any CPU
	EndGlobalSection
EndGlobal
