{
  "requires": true,
  "lockfileVersion": 1,
  "dependencies": {
    "@nguniversal/module-map-ngfactory-loader": {
      "version": "8.2.6",
      "resolved": "https://registry.npmjs.org/@nguniversal/module-map-ngfactory-loader/-/module-map-ngfactory-loader-8.2.6.tgz",
      "integrity": "sha512-YcxXSrDZt6iDR+YbesJvprNpHd1nRLeThJwAFlcwvK/GVGSyKeWV6eqk3bRkBkgkw8OwaG/4lOQ4aofxQw+13w=="
    }
  }
}
